// !$*UTF8*$!
{
	archiveVersion = 1;
	classes = {
	};
	objectVersion = 48;
	objects = {

/* Begin PBXBuildFile section */
		FA47553A2023DE1400E48FB6 /* main.cpp in Sources */ = {isa = PBXBuildFile; fileRef = FA4755392023DE1400E48FB6 /* main.cpp */; };
		FA47553B2023E1A700E48FB6 /* libSimpleOpenGL.dylib in Frameworks */ = {isa = PBXBuildFile; fileRef = FAAEA5E22023D483005CE7D2 /* libSimpleOpenGL.dylib */; };
		FA6060F420193F5200C4B258 /* water.jpg in CopyFiles */ = {isa = PBXBuildFile; fileRef = FA6060F22019342400C4B258 /* water.jpg */; };
		FA6060F72019433200C4B258 /* arrow.png in CopyFiles */ = {isa = PBXBuildFile; fileRef = FA6060F62019432700C4B258 /* arrow.png */; };
		FA74F809200EC0D1009B289B /* basic.vs.glsl in CopyFiles */ = {isa = PBXBuildFile; fileRef = FA74F802200EBC5E009B289B /* basic.vs.glsl */; };
		FA74F80A200EC0D1009B289B /* basic.fs.glsl in CopyFiles */ = {isa = PBXBuildFile; fileRef = FA74F804200EBC8E009B289B /* basic.fs.glsl */; };
		FAAEA5E82023D4B4005CE7D2 /* window.cpp in Sources */ = {isa = PBXBuildFile; fileRef = FA01EBD2200EB234008016FE /* window.cpp */; };
		FAAEA5ED2023D4C2005CE7D2 /* OpenGL.framework in Frameworks */ = {isa = PBXBuildFile; fileRef = FA74F7FD200EBA68009B289B /* OpenGL.framework */; };
		FAAEA5F12023D4D4005CE7D2 /* libglfw.dylib in Frameworks */ = {isa = PBXBuildFile; fileRef = FAAEA5F02023D4D4005CE7D2 /* libglfw.dylib */; };
		FAAEA7102023DC0B005CE7D2 /* texture.cpp in Sources */ = {isa = PBXBuildFile; fileRef = FA6060EB2019321C00C4B258 /* texture.cpp */; };
		FAAEA7112023DC0B005CE7D2 /* stb_image.cpp in Sources */ = {isa = PBXBuildFile; fileRef = FA6060F02019329400C4B258 /* stb_image.cpp */; };
		FAAEA7122023DC0B005CE7D2 /* shader.cpp in Sources */ = {isa = PBXBuildFile; fileRef = FA74F805200EBEF5009B289B /* shader.cpp */; };
		FAAEA7132023DC0B005CE7D2 /* object.cpp in Sources */ = {isa = PBXBuildFile; fileRef = FA74F80B200EC5A6009B289B /* object.cpp */; };
		FAAEA7142023DC0B005CE7D2 /* triangle.cpp in Sources */ = {isa = PBXBuildFile; fileRef = FA4E7D1D2017D30700B235B9 /* triangle.cpp */; };
		FAAEA7152023DC0B005CE7D2 /* rect.cpp in Sources */ = {isa = PBXBuildFile; fileRef = FA4E7D222017EBE400B235B9 /* rect.cpp */; };
		FAAEA7162023DCD2005CE7D2 /* libSimpleOpenGL.dylib in Frameworks */ = {isa = PBXBuildFile; fileRef = FAAEA5E22023D483005CE7D2 /* libSimpleOpenGL.dylib */; };
		FAAEA71F2023DD03005CE7D2 /* main.cpp in Sources */ = {isa = PBXBuildFile; fileRef = FAAEA71E2023DD03005CE7D2 /* main.cpp */; };
/* End PBXBuildFile section */

/* Begin PBXCopyFilesBuildPhase section */
		FA01EBC5200EAC59008016FE /* CopyFiles */ = {
			isa = PBXCopyFilesBuildPhase;
			buildActionMask = 12;
			dstPath = "";
			dstSubfolderSpec = 16;
			files = (
				FA6060F72019433200C4B258 /* arrow.png in CopyFiles */,
				FA6060F420193F5200C4B258 /* water.jpg in CopyFiles */,
				FA74F809200EC0D1009B289B /* basic.vs.glsl in CopyFiles */,
				FA74F80A200EC0D1009B289B /* basic.fs.glsl in CopyFiles */,
			);
			runOnlyForDeploymentPostprocessing = 0;
		};
		FAAEA71A2023DD02005CE7D2 /* CopyFiles */ = {
			isa = PBXCopyFilesBuildPhase;
			buildActionMask = 2147483647;
			dstPath = /usr/share/man/man1/;
			dstSubfolderSpec = 0;
			files = (
			);
			runOnlyForDeploymentPostprocessing = 1;
		};
/* End PBXCopyFilesBuildPhase section */

/* Begin PBXFileReference section */
		FA01EBC7200EAC59008016FE /* Primitives */ = {isa = PBXFileReference; explicitFileType = "compiled.mach-o.executable"; includeInIndex = 0; path = Primitives; sourceTree = BUILT_PRODUCTS_DIR; };
		FA01EBD2200EB234008016FE /* window.cpp */ = {isa = PBXFileReference; lastKnownFileType = sourcecode.cpp.cpp; path = window.cpp; sourceTree = "<group>"; };
		FA01EBD3200EB234008016FE /* window.hpp */ = {isa = PBXFileReference; lastKnownFileType = sourcecode.cpp.h; path = window.hpp; sourceTree = "<group>"; };
		FA4755392023DE1400E48FB6 /* main.cpp */ = {isa = PBXFileReference; fileEncoding = 4; lastKnownFileType = sourcecode.cpp.cpp; path = main.cpp; sourceTree = "<group>"; };
		FA4E7D1D2017D30700B235B9 /* triangle.cpp */ = {isa = PBXFileReference; lastKnownFileType = sourcecode.cpp.cpp; path = triangle.cpp; sourceTree = "<group>"; };
		FA4E7D1E2017D30700B235B9 /* triangle.hpp */ = {isa = PBXFileReference; lastKnownFileType = sourcecode.cpp.h; path = triangle.hpp; sourceTree = "<group>"; };
		FA4E7D222017EBE400B235B9 /* rect.cpp */ = {isa = PBXFileReference; lastKnownFileType = sourcecode.cpp.cpp; path = rect.cpp; sourceTree = "<group>"; };
		FA4E7D232017EBE400B235B9 /* rect.hpp */ = {isa = PBXFileReference; lastKnownFileType = sourcecode.cpp.h; path = rect.hpp; sourceTree = "<group>"; };
		FA6060E72017EE0000C4B258 /* shapes.hpp */ = {isa = PBXFileReference; lastKnownFileType = sourcecode.cpp.h; path = shapes.hpp; sourceTree = "<group>"; };
		FA6060E82017F26B00C4B258 /* SimpleOpenGL.hpp */ = {isa = PBXFileReference; lastKnownFileType = sourcecode.cpp.h; path = SimpleOpenGL.hpp; sourceTree = "<group>"; };
		FA6060EB2019321C00C4B258 /* texture.cpp */ = {isa = PBXFileReference; lastKnownFileType = sourcecode.cpp.cpp; path = texture.cpp; sourceTree = "<group>"; };
		FA6060EC2019321C00C4B258 /* texture.hpp */ = {isa = PBXFileReference; lastKnownFileType = sourcecode.cpp.h; path = texture.hpp; sourceTree = "<group>"; };
		FA6060F02019329400C4B258 /* stb_image.cpp */ = {isa = PBXFileReference; lastKnownFileType = sourcecode.cpp.cpp; path = stb_image.cpp; sourceTree = "<group>"; };
		FA6060F22019342400C4B258 /* water.jpg */ = {isa = PBXFileReference; lastKnownFileType = image.jpeg; path = water.jpg; sourceTree = "<group>"; };
		FA6060F62019432700C4B258 /* arrow.png */ = {isa = PBXFileReference; lastKnownFileType = image.png; path = arrow.png; sourceTree = "<group>"; };
		FA74F7FB200EB92D009B289B /* libglfw.3.3.dylib */ = {isa = PBXFileReference; lastKnownFileType = "compiled.mach-o.dylib"; name = libglfw.3.3.dylib; path = ../../../../usr/local/lib/libglfw.3.3.dylib; sourceTree = "<group>"; };
		FA74F7FD200EBA68009B289B /* OpenGL.framework */ = {isa = PBXFileReference; lastKnownFileType = wrapper.framework; name = OpenGL.framework; path = System/Library/Frameworks/OpenGL.framework; sourceTree = SDKROOT; };
		FA74F802200EBC5E009B289B /* basic.vs.glsl */ = {isa = PBXFileReference; lastKnownFileType = text; path = basic.vs.glsl; sourceTree = "<group>"; };
		FA74F804200EBC8E009B289B /* basic.fs.glsl */ = {isa = PBXFileReference; lastKnownFileType = text; path = basic.fs.glsl; sourceTree = "<group>"; };
		FA74F805200EBEF5009B289B /* shader.cpp */ = {isa = PBXFileReference; lastKnownFileType = sourcecode.cpp.cpp; path = shader.cpp; sourceTree = "<group>"; };
		FA74F806200EBEF5009B289B /* shader.hpp */ = {isa = PBXFileReference; lastKnownFileType = sourcecode.cpp.h; path = shader.hpp; sourceTree = "<group>"; };
		FA74F80B200EC5A6009B289B /* object.cpp */ = {isa = PBXFileReference; lastKnownFileType = sourcecode.cpp.cpp; path = object.cpp; sourceTree = "<group>"; };
		FA74F80C200EC5A6009B289B /* object.hpp */ = {isa = PBXFileReference; lastKnownFileType = sourcecode.cpp.h; path = object.hpp; sourceTree = "<group>"; };
		FAAEA5E22023D483005CE7D2 /* libSimpleOpenGL.dylib */ = {isa = PBXFileReference; explicitFileType = "compiled.mach-o.dylib"; includeInIndex = 0; path = libSimpleOpenGL.dylib; sourceTree = BUILT_PRODUCTS_DIR; };
		FAAEA5EE2023D4CA005CE7D2 /* SimpleOpenGL */ = {isa = PBXFileReference; lastKnownFileType = folder; path = SimpleOpenGL; sourceTree = "<group>"; };
		FAAEA5F02023D4D4005CE7D2 /* libglfw.dylib */ = {isa = PBXFileReference; lastKnownFileType = "compiled.mach-o.dylib"; path = libglfw.dylib; sourceTree = "<group>"; };
		FAAEA70D2023D926005CE7D2 /* stb_image.h */ = {isa = PBXFileReference; lastKnownFileType = sourcecode.c.h; name = stb_image.h; path = ../../../../repos/stb/stb_image.h; sourceTree = "<group>"; };
		FAAEA71C2023DD02005CE7D2 /* FakeCube */ = {isa = PBXFileReference; explicitFileType = "compiled.mach-o.executable"; includeInIndex = 0; path = FakeCube; sourceTree = BUILT_PRODUCTS_DIR; };
		FAAEA71E2023DD03005CE7D2 /* main.cpp */ = {isa = PBXFileReference; lastKnownFileType = sourcecode.cpp.cpp; path = main.cpp; sourceTree = "<group>"; };
/* End PBXFileReference section */

/* Begin PBXFrameworksBuildPhase section */
		FA01EBC4200EAC59008016FE /* Frameworks */ = {
			isa = PBXFrameworksBuildPhase;
			buildActionMask = 2147483647;
			files = (
				FAAEA7162023DCD2005CE7D2 /* libSimpleOpenGL.dylib in Frameworks */,
			);
			runOnlyForDeploymentPostprocessing = 0;
		};
		FAAEA5DF2023D483005CE7D2 /* Frameworks */ = {
			isa = PBXFrameworksBuildPhase;
			buildActionMask = 2147483647;
			files = (
				FAAEA5F12023D4D4005CE7D2 /* libglfw.dylib in Frameworks */,
				FAAEA5ED2023D4C2005CE7D2 /* OpenGL.framework in Frameworks */,
			);
			runOnlyForDeploymentPostprocessing = 0;
		};
		FAAEA7192023DD02005CE7D2 /* Frameworks */ = {
			isa = PBXFrameworksBuildPhase;
			buildActionMask = 2147483647;
			files = (
				FA47553B2023E1A700E48FB6 /* libSimpleOpenGL.dylib in Frameworks */,
			);
			runOnlyForDeploymentPostprocessing = 0;
		};
/* End PBXFrameworksBuildPhase section */

/* Begin PBXGroup section */
		FA01EBBE200EAC59008016FE = {
			isa = PBXGroup;
			children = (
				FA4755382023DE1400E48FB6 /* Primitives */,
				FA01EBC9200EAC59008016FE /* SimpleOpenGL */,
				FAAEA71D2023DD02005CE7D2 /* FakeCube */,
				FA01EBC8200EAC59008016FE /* Products */,
				FA74F7F6200EB6E4009B289B /* Frameworks */,
			);
			sourceTree = "<group>";
		};
		FA01EBC8200EAC59008016FE /* Products */ = {
			isa = PBXGroup;
			children = (
				FA01EBC7200EAC59008016FE /* Primitives */,
				FAAEA5E22023D483005CE7D2 /* libSimpleOpenGL.dylib */,
				FAAEA71C2023DD02005CE7D2 /* FakeCube */,
			);
			name = Products;
			sourceTree = "<group>";
		};
		FA01EBC9200EAC59008016FE /* SimpleOpenGL */ = {
			isa = PBXGroup;
			children = (
				FAAEA70E2023D962005CE7D2 /* Resources */,
				FAAEA70B2023D914005CE7D2 /* Headers */,
				FAAEA5D42023D29A005CE7D2 /* Source */,
			);
			path = SimpleOpenGL;
			sourceTree = "<group>";
		};
		FA4755382023DE1400E48FB6 /* Primitives */ = {
			isa = PBXGroup;
			children = (
				FA4755392023DE1400E48FB6 /* main.cpp */,
			);
			path = Primitives;
			sourceTree = "<group>";
		};
		FA4E7D202017D30D00B235B9 /* Shapes */ = {
			isa = PBXGroup;
			children = (
				FA4E7D1D2017D30700B235B9 /* triangle.cpp */,
				FA4E7D222017EBE400B235B9 /* rect.cpp */,
			);
			path = Shapes;
			sourceTree = "<group>";
		};
		FA6060F32019342C00C4B258 /* Textures */ = {
			isa = PBXGroup;
			children = (
				FA6060F62019432700C4B258 /* arrow.png */,
				FA6060F22019342400C4B258 /* water.jpg */,
			);
			path = Textures;
			sourceTree = "<group>";
		};
		FA74F7F6200EB6E4009B289B /* Frameworks */ = {
			isa = PBXGroup;
			children = (
				FAAEA5F02023D4D4005CE7D2 /* libglfw.dylib */,
				FAAEA5EE2023D4CA005CE7D2 /* SimpleOpenGL */,
				FA74F7FD200EBA68009B289B /* OpenGL.framework */,
				FA74F7FB200EB92D009B289B /* libglfw.3.3.dylib */,
			);
			name = Frameworks;
			sourceTree = "<group>";
		};
		FA74F803200EBC62009B289B /* Shaders */ = {
			isa = PBXGroup;
			children = (
				FA74F802200EBC5E009B289B /* basic.vs.glsl */,
				FA74F804200EBC8E009B289B /* basic.fs.glsl */,
			);
			path = Shaders;
			sourceTree = "<group>";
		};
		FAAEA5D42023D29A005CE7D2 /* Source */ = {
			isa = PBXGroup;
			children = (
				FA6060EB2019321C00C4B258 /* texture.cpp */,
				FA6060F02019329400C4B258 /* stb_image.cpp */,
				FA01EBD2200EB234008016FE /* window.cpp */,
				FA74F805200EBEF5009B289B /* shader.cpp */,
				FA74F80B200EC5A6009B289B /* object.cpp */,
				FA4E7D202017D30D00B235B9 /* Shapes */,
			);
			path = Source;
			sourceTree = "<group>";
		};
		FAAEA70B2023D914005CE7D2 /* Headers */ = {
			isa = PBXGroup;
			children = (
				FAAEA70F2023DBAC005CE7D2 /* Shapes */,
				FA6060E72017EE0000C4B258 /* shapes.hpp */,
				FAAEA70D2023D926005CE7D2 /* stb_image.h */,
				FA6060EC2019321C00C4B258 /* texture.hpp */,
				FA01EBD3200EB234008016FE /* window.hpp */,
				FA74F806200EBEF5009B289B /* shader.hpp */,
				FA74F80C200EC5A6009B289B /* object.hpp */,
				FA6060E82017F26B00C4B258 /* SimpleOpenGL.hpp */,
			);
			path = Headers;
			sourceTree = "<group>";
		};
		FAAEA70E2023D962005CE7D2 /* Resources */ = {
			isa = PBXGroup;
			children = (
				FA6060F32019342C00C4B258 /* Textures */,
				FA74F803200EBC62009B289B /* Shaders */,
			);
			path = Resources;
			sourceTree = "<group>";
		};
		FAAEA70F2023DBAC005CE7D2 /* Shapes */ = {
			isa = PBXGroup;
			children = (
				FA4E7D1E2017D30700B235B9 /* triangle.hpp */,
				FA4E7D232017EBE400B235B9 /* rect.hpp */,
			);
			path = Shapes;
			sourceTree = "<group>";
		};
		FAAEA71D2023DD02005CE7D2 /* FakeCube */ = {
			isa = PBXGroup;
			children = (
				FAAEA71E2023DD03005CE7D2 /* main.cpp */,
			);
			path = FakeCube;
			sourceTree = "<group>";
		};
/* End PBXGroup section */

/* Begin PBXHeadersBuildPhase section */
		FAAEA5E02023D483005CE7D2 /* Headers */ = {
			isa = PBXHeadersBuildPhase;
			buildActionMask = 2147483647;
			files = (
			);
			runOnlyForDeploymentPostprocessing = 0;
		};
/* End PBXHeadersBuildPhase section */

/* Begin PBXNativeTarget section */
		FA01EBC6200EAC59008016FE /* Primitives */ = {
			isa = PBXNativeTarget;
			buildConfigurationList = FA01EBCE200EAC59008016FE /* Build configuration list for PBXNativeTarget "Primitives" */;
			buildPhases = (
				FA01EBC3200EAC59008016FE /* Sources */,
				FA01EBC4200EAC59008016FE /* Frameworks */,
				FA01EBC5200EAC59008016FE /* CopyFiles */,
			);
			buildRules = (
			);
			dependencies = (
			);
			name = Primitives;
			productName = SimpleOpenGL;
			productReference = FA01EBC7200EAC59008016FE /* Primitives */;
			productType = "com.apple.product-type.tool";
		};
		FAAEA5E12023D483005CE7D2 /* SimpleOpenGL */ = {
			isa = PBXNativeTarget;
			buildConfigurationList = FAAEA5E32023D483005CE7D2 /* Build configuration list for PBXNativeTarget "SimpleOpenGL" */;
			buildPhases = (
				FAAEA5DE2023D483005CE7D2 /* Sources */,
				FAAEA5DF2023D483005CE7D2 /* Frameworks */,
				FAAEA5E02023D483005CE7D2 /* Headers */,
			);
			buildRules = (
			);
			dependencies = (
			);
			name = SimpleOpenGL;
			productName = SimpleOpenGL;
			productReference = FAAEA5E22023D483005CE7D2 /* libSimpleOpenGL.dylib */;
			productType = "com.apple.product-type.library.dynamic";
		};
		FAAEA71B2023DD02005CE7D2 /* FakeCube */ = {
			isa = PBXNativeTarget;
			buildConfigurationList = FAAEA7202023DD03005CE7D2 /* Build configuration list for PBXNativeTarget "FakeCube" */;
			buildPhases = (
				FAAEA7182023DD02005CE7D2 /* Sources */,
				FAAEA7192023DD02005CE7D2 /* Frameworks */,
				FAAEA71A2023DD02005CE7D2 /* CopyFiles */,
			);
			buildRules = (
			);
			dependencies = (
			);
			name = FakeCube;
			productName = FakeCube;
			productReference = FAAEA71C2023DD02005CE7D2 /* FakeCube */;
			productType = "com.apple.product-type.tool";
		};
/* End PBXNativeTarget section */

/* Begin PBXProject section */
		FA01EBBF200EAC59008016FE /* Project object */ = {
			isa = PBXProject;
			attributes = {
				LastUpgradeCheck = 0920;
				ORGANIZATIONNAME = "Alexander Davidson Bryan";
				TargetAttributes = {
					FA01EBC6200EAC59008016FE = {
						CreatedOnToolsVersion = 9.2;
						ProvisioningStyle = Automatic;
					};
					FAAEA5E12023D483005CE7D2 = {
						CreatedOnToolsVersion = 9.2;
						ProvisioningStyle = Automatic;
					};
					FAAEA71B2023DD02005CE7D2 = {
						CreatedOnToolsVersion = 9.2;
						ProvisioningStyle = Automatic;
					};
				};
			};
			buildConfigurationList = FA01EBC2200EAC59008016FE /* Build configuration list for PBXProject "SimpleOpenGL" */;
			compatibilityVersion = "Xcode 8.0";
			developmentRegion = en;
			hasScannedForEncodings = 0;
			knownRegions = (
				en,
			);
			mainGroup = FA01EBBE200EAC59008016FE;
			productRefGroup = FA01EBC8200EAC59008016FE /* Products */;
			projectDirPath = "";
			projectRoot = "";
			targets = (
				FA01EBC6200EAC59008016FE /* Primitives */,
				FAAEA5E12023D483005CE7D2 /* SimpleOpenGL */,
				FAAEA71B2023DD02005CE7D2 /* FakeCube */,
			);
		};
/* End PBXProject section */

/* Begin PBXSourcesBuildPhase section */
		FA01EBC3200EAC59008016FE /* Sources */ = {
			isa = PBXSourcesBuildPhase;
			buildActionMask = 2147483647;
			files = (
				FA47553A2023DE1400E48FB6 /* main.cpp in Sources */,
			);
			runOnlyForDeploymentPostprocessing = 0;
		};
		FAAEA5DE2023D483005CE7D2 /* Sources */ = {
			isa = PBXSourcesBuildPhase;
			buildActionMask = 2147483647;
			files = (
				FAAEA5E82023D4B4005CE7D2 /* window.cpp in Sources */,
				FAAEA7102023DC0B005CE7D2 /* texture.cpp in Sources */,
				FAAEA7112023DC0B005CE7D2 /* stb_image.cpp in Sources */,
				FAAEA7122023DC0B005CE7D2 /* shader.cpp in Sources */,
				FAAEA7132023DC0B005CE7D2 /* object.cpp in Sources */,
				FAAEA7142023DC0B005CE7D2 /* triangle.cpp in Sources */,
				FAAEA7152023DC0B005CE7D2 /* rect.cpp in Sources */,
			);
			runOnlyForDeploymentPostprocessing = 0;
		};
		FAAEA7182023DD02005CE7D2 /* Sources */ = {
			isa = PBXSourcesBuildPhase;
			buildActionMask = 2147483647;
			files = (
				FAAEA71F2023DD03005CE7D2 /* main.cpp in Sources */,
			);
			runOnlyForDeploymentPostprocessing = 0;
		};
/* End PBXSourcesBuildPhase section */

/* Begin XCBuildConfiguration section */
		FA01EBCC200EAC59008016FE /* Debug */ = {
			isa = XCBuildConfiguration;
			buildSettings = {
				ALWAYS_SEARCH_USER_PATHS = YES;
				CLANG_ANALYZER_NONNULL = YES;
				CLANG_ANALYZER_NUMBER_OBJECT_CONVERSION = YES_AGGRESSIVE;
				CLANG_CXX_LANGUAGE_STANDARD = "c++17";
				CLANG_CXX_LIBRARY = "libc++";
				CLANG_ENABLE_MODULES = YES;
				CLANG_ENABLE_OBJC_ARC = YES;
				CLANG_WARN_BLOCK_CAPTURE_AUTORELEASING = YES;
				CLANG_WARN_BOOL_CONVERSION = YES;
				CLANG_WARN_COMMA = YES;
				CLANG_WARN_CONSTANT_CONVERSION = YES;
				CLANG_WARN_DIRECT_OBJC_ISA_USAGE = YES_ERROR;
				CLANG_WARN_DOCUMENTATION_COMMENTS = NO;
				CLANG_WARN_EMPTY_BODY = YES;
				CLANG_WARN_ENUM_CONVERSION = YES;
				CLANG_WARN_INFINITE_RECURSION = YES;
				CLANG_WARN_INT_CONVERSION = YES;
				CLANG_WARN_NON_LITERAL_NULL_CONVERSION = YES;
				CLANG_WARN_OBJC_LITERAL_CONVERSION = YES;
				CLANG_WARN_OBJC_ROOT_CLASS = YES_ERROR;
				CLANG_WARN_RANGE_LOOP_ANALYSIS = YES;
				CLANG_WARN_STRICT_PROTOTYPES = YES;
				CLANG_WARN_SUSPICIOUS_MOVE = YES;
				CLANG_WARN_UNGUARDED_AVAILABILITY = YES_AGGRESSIVE;
				CLANG_WARN_UNREACHABLE_CODE = YES;
				CLANG_WARN__DUPLICATE_METHOD_MATCH = YES;
				CODE_SIGN_IDENTITY = "-";
				COPY_PHASE_STRIP = NO;
				DEBUG_INFORMATION_FORMAT = dwarf;
				ENABLE_STRICT_OBJC_MSGSEND = YES;
				ENABLE_TESTABILITY = YES;
				GCC_C_LANGUAGE_STANDARD = gnu11;
				GCC_DYNAMIC_NO_PIC = NO;
				GCC_NO_COMMON_BLOCKS = YES;
				GCC_OPTIMIZATION_LEVEL = 0;
				GCC_PREPROCESSOR_DEFINITIONS = (
					"DEBUG=1",
					"$(inherited)",
				);
				GCC_WARN_64_TO_32_BIT_CONVERSION = YES;
				GCC_WARN_ABOUT_RETURN_TYPE = YES_ERROR;
				GCC_WARN_UNDECLARED_SELECTOR = YES;
				GCC_WARN_UNINITIALIZED_AUTOS = YES_AGGRESSIVE;
				GCC_WARN_UNUSED_FUNCTION = YES;
				GCC_WARN_UNUSED_VARIABLE = YES;
				LIBRARY_SEARCH_PATHS = /usr/local/lib;
				MACOSX_DEPLOYMENT_TARGET = 10.13;
				MTL_ENABLE_DEBUG_INFO = YES;
				ONLY_ACTIVE_ARCH = YES;
				SDKROOT = macosx;
				USER_HEADER_SEARCH_PATHS = /usr/local/include;
			};
			name = Debug;
		};
		FA01EBCD200EAC59008016FE /* Release */ = {
			isa = XCBuildConfiguration;
			buildSettings = {
				ALWAYS_SEARCH_USER_PATHS = YES;
				CLANG_ANALYZER_NONNULL = YES;
				CLANG_ANALYZER_NUMBER_OBJECT_CONVERSION = YES_AGGRESSIVE;
				CLANG_CXX_LANGUAGE_STANDARD = "c++17";
				CLANG_CXX_LIBRARY = "libc++";
				CLANG_ENABLE_MODULES = YES;
				CLANG_ENABLE_OBJC_ARC = YES;
				CLANG_WARN_BLOCK_CAPTURE_AUTORELEASING = YES;
				CLANG_WARN_BOOL_CONVERSION = YES;
				CLANG_WARN_COMMA = YES;
				CLANG_WARN_CONSTANT_CONVERSION = YES;
				CLANG_WARN_DIRECT_OBJC_ISA_USAGE = YES_ERROR;
				CLANG_WARN_DOCUMENTATION_COMMENTS = NO;
				CLANG_WARN_EMPTY_BODY = YES;
				CLANG_WARN_ENUM_CONVERSION = YES;
				CLANG_WARN_INFINITE_RECURSION = YES;
				CLANG_WARN_INT_CONVERSION = YES;
				CLANG_WARN_NON_LITERAL_NULL_CONVERSION = YES;
				CLANG_WARN_OBJC_LITERAL_CONVERSION = YES;
				CLANG_WARN_OBJC_ROOT_CLASS = YES_ERROR;
				CLANG_WARN_RANGE_LOOP_ANALYSIS = YES;
				CLANG_WARN_STRICT_PROTOTYPES = YES;
				CLANG_WARN_SUSPICIOUS_MOVE = YES;
				CLANG_WARN_UNGUARDED_AVAILABILITY = YES_AGGRESSIVE;
				CLANG_WARN_UNREACHABLE_CODE = YES;
				CLANG_WARN__DUPLICATE_METHOD_MATCH = YES;
				CODE_SIGN_IDENTITY = "-";
				COPY_PHASE_STRIP = NO;
				DEBUG_INFORMATION_FORMAT = "dwarf-with-dsym";
				ENABLE_NS_ASSERTIONS = NO;
				ENABLE_STRICT_OBJC_MSGSEND = YES;
				GCC_C_LANGUAGE_STANDARD = gnu11;
				GCC_NO_COMMON_BLOCKS = YES;
				GCC_WARN_64_TO_32_BIT_CONVERSION = YES;
				GCC_WARN_ABOUT_RETURN_TYPE = YES_ERROR;
				GCC_WARN_UNDECLARED_SELECTOR = YES;
				GCC_WARN_UNINITIALIZED_AUTOS = YES_AGGRESSIVE;
				GCC_WARN_UNUSED_FUNCTION = YES;
				GCC_WARN_UNUSED_VARIABLE = YES;
				LIBRARY_SEARCH_PATHS = /usr/local/lib;
				MACOSX_DEPLOYMENT_TARGET = 10.13;
				MTL_ENABLE_DEBUG_INFO = NO;
				SDKROOT = macosx;
				USER_HEADER_SEARCH_PATHS = /usr/local/include;
			};
			name = Release;
		};
		FA01EBCF200EAC59008016FE /* Debug */ = {
			isa = XCBuildConfiguration;
			buildSettings = {
				CLANG_CXX_LANGUAGE_STANDARD = "c++17";
				CODE_SIGN_STYLE = Automatic;
				HEADER_SEARCH_PATHS = "";
				LIBRARY_SEARCH_PATHS = /usr/local/lib;
				OTHER_LDFLAGS = "";
				PRODUCT_NAME = "$(TARGET_NAME)";
				SYSTEM_HEADER_SEARCH_PATHS = "";
				USER_HEADER_SEARCH_PATHS = /usr/local/include;
			};
			name = Debug;
		};
		FA01EBD0200EAC59008016FE /* Release */ = {
			isa = XCBuildConfiguration;
			buildSettings = {
				CLANG_CXX_LANGUAGE_STANDARD = "c++17";
				CODE_SIGN_STYLE = Automatic;
				HEADER_SEARCH_PATHS = "";
				LIBRARY_SEARCH_PATHS = /usr/local/lib;
				OTHER_LDFLAGS = "";
				PRODUCT_NAME = "$(TARGET_NAME)";
				SYSTEM_HEADER_SEARCH_PATHS = "";
				USER_HEADER_SEARCH_PATHS = /usr/local/include;
			};
			name = Release;
		};
		FAAEA5E42023D483005CE7D2 /* Debug */ = {
			isa = XCBuildConfiguration;
			buildSettings = {
				ALWAYS_SEARCH_USER_PATHS = YES;
				CLANG_WARN_DOCUMENTATION_COMMENTS = NO;
				CODE_SIGN_STYLE = Automatic;
				DYLIB_COMPATIBILITY_VERSION = 1;
				DYLIB_CURRENT_VERSION = 1;
				EXECUTABLE_PREFIX = lib;
				LIBRARY_SEARCH_PATHS = (
					"$(inherited)",
					"$(PROJECT_DIR)",
					/usr/local/lib,
				);
				PRODUCT_NAME = "$(TARGET_NAME)";
				USER_HEADER_SEARCH_PATHS = /usr/local/include;
			};
			name = Debug;
		};
		FAAEA5E52023D483005CE7D2 /* Release */ = {
			isa = XCBuildConfiguration;
			buildSettings = {
				ALWAYS_SEARCH_USER_PATHS = YES;
				CLANG_WARN_DOCUMENTATION_COMMENTS = NO;
				CODE_SIGN_STYLE = Automatic;
				DYLIB_COMPATIBILITY_VERSION = 1;
				DYLIB_CURRENT_VERSION = 1;
				EXECUTABLE_PREFIX = lib;
				LIBRARY_SEARCH_PATHS = (
					"$(inherited)",
					"$(PROJECT_DIR)",
					/usr/local/lib,
				);
				PRODUCT_NAME = "$(TARGET_NAME)";
				USER_HEADER_SEARCH_PATHS = /usr/local/include;
			};
			name = Release;
		};
		FAAEA7212023DD03005CE7D2 /* Debug */ = {
			isa = XCBuildConfiguration;
			buildSettings = {
				ALWAYS_SEARCH_USER_PATHS = YES;
				CLANG_WARN_DOCUMENTATION_COMMENTS = NO;
				CODE_SIGN_STYLE = Automatic;
				PRODUCT_NAME = "$(TARGET_NAME)";
			};
			name = Debug;
		};
		FAAEA7222023DD03005CE7D2 /* Release */ = {
			isa = XCBuildConfiguration;
			buildSettings = {
				ALWAYS_SEARCH_USER_PATHS = YES;
				CLANG_WARN_DOCUMENTATION_COMMENTS = NO;
				CODE_SIGN_STYLE = Automatic;
				PRODUCT_NAME = "$(TARGET_NAME)";
			};
			name = Release;
		};
/* End XCBuildConfiguration section */

/* Begin XCConfigurationList section */
		FA01EBC2200EAC59008016FE /* Build configuration list for PBXProject "SimpleOpenGL" */ = {
			isa = XCConfigurationList;
			buildConfigurations = (
				FA01EBCC200EAC59008016FE /* Debug */,
				FA01EBCD200EAC59008016FE /* Release */,
			);
			defaultConfigurationIsVisible = 0;
			defaultConfigurationName = Release;
		};
		FA01EBCE200EAC59008016FE /* Build configuration list for PBXNativeTarget "Primitives" */ = {
			isa = XCConfigurationList;
			buildConfigurations = (
				FA01EBCF200EAC59008016FE /* Debug */,
				FA01EBD0200EAC59008016FE /* Release */,
			);
			defaultConfigurationIsVisible = 0;
			defaultConfigurationName = Release;
		};
		FAAEA5E32023D483005CE7D2 /* Build configuration list for PBXNativeTarget "SimpleOpenGL" */ = {
			isa = XCConfigurationList;
			buildConfigurations = (
				FAAEA5E42023D483005CE7D2 /* Debug */,
				FAAEA5E52023D483005CE7D2 /* Release */,
			);
			defaultConfigurationIsVisible = 0;
			defaultConfigurationName = Release;
		};
		FAAEA7202023DD03005CE7D2 /* Build configuration list for PBXNativeTarget "FakeCube" */ = {
			isa = XCConfigurationList;
			buildConfigurations = (
				FAAEA7212023DD03005CE7D2 /* Debug */,
				FAAEA7222023DD03005CE7D2 /* Release */,
			);
			defaultConfigurationIsVisible = 0;
			defaultConfigurationName = Release;
		};
/* End XCConfigurationList section */
	};
	rootObject = FA01EBBF200EAC59008016FE /* Project object */;
}
